{
    "version": 3,
    "terraform_version": "0.11.7",
    "serial": 4,
    "lineage": "f5649690-4f16-f502-15af-b8c42c7f0e03",
    "modules": [
        {
            "path": [
                "root"
            ],
            "outputs": {},
            "resources": {
                "aws_launch_configuration.example_lc": {
                    "type": "aws_launch_configuration",
                    "depends_on": [],
                    "primary": {
                        "id": "terraform-lc-example-20180617153658473800000001",
                        "attributes": {
                            "associate_public_ip_address": "false",
                            "ebs_block_device.#": "0",
                            "ebs_optimized": "false",
                            "enable_monitoring": "true",
                            "ephemeral_block_device.#": "0",
                            "iam_instance_profile": "",
                            "id": "terraform-lc-example-20180617153658473800000001",
                            "image_id": "ami-14c5486b",
                            "instance_type": "t2.micro",
                            "key_name": "",
                            "name": "terraform-lc-example-20180617153658473800000001",
                            "name_prefix": "terraform-lc-example-",
                            "root_block_device.#": "0",
                            "security_groups.#": "0",
                            "spot_price": "",
                            "vpc_classic_link_id": "",
                            "vpc_classic_link_security_groups.#": "0"
                        },
                        "meta": {},
                        "tainted": false
                    },
                    "deposed": [],
                    "provider": "provider.aws"
                }
            },
            "depends_on": []
        }
    ]
}
